
Microsoft Visual Studio Solution File, Format Version 12.00
# Visual Studio Version 16
VisualStudioVersion = 16.0.32002.261
MinimumVisualStudioVersion = 10.0.40219.1
Project("{FAE04EC0-301F-11D3-BF4B-00C04F79EFBC}") = "RPS", "RPS\RPS.csproj", "{C80635F4-B0F1-4069-AD1F-D8D8AF810B0D}"
EndProject
Global
	GlobalSection(SolutionConfigurationPlatforms) = preSolution
		Debug|Any CPU = Debug|Any CPU
		Release|Any CPU = Release|Any CPU
	EndGlobalSection
	GlobalSection(ProjectConfigurationPlatforms) = postSolution
		{C80635F4-B0F1-4069-AD1F-D8D8AF810B0D}.Debug|Any CPU.ActiveCfg = Debug|Any CPU
		{C80635F4-B0F1-4069-AD1F-D8D8AF810B0D}.Debug|Any CPU.Build.0 = Debug|Any CPU
		{C80635F4-B0F1-4069-AD1F-D8D8AF810B0D}.Release|Any CPU.ActiveCfg = Release|Any CPU
		{C80635F4-B0F1-4069-AD1F-D8D8AF810B0D}.Release|Any CPU.Build.0 = Release|Any CPU
	EndGlobalSection
	GlobalSection(SolutionProperties) = preSolution
		HideSolutionNode = FALSE
	EndGlobalSection
	GlobalSection(ExtensibilityGlobals) = postSolution
		SolutionGuid = {269BCEBD-1B60-4E3F-898B-3FCC3896DAD2}
	EndGlobalSection
EndGlobal
